
Microsoft Visual Studio Solution File, Format Version 12.00
# Visual Studio 2012
Project("{FAE04EC0-301F-11D3-BF4B-00C04F79EFBC}") = "travel", "travel\travel.csproj", "{E6258770-F939-4251-9669-2C25AC4BDB24}"
EndProject
Project("{FAE04EC0-301F-11D3-BF4B-00C04F79EFBC}") = "travel.UITests", "travel.UITests\travel.UITests.csproj", "{B968C73B-E35F-443B-8A72-DC48AA8994E9}"
EndProject
Project("{2150E333-8FDC-42A3-9474-1A3956D46DE8}") = "Solution Items", "Solution Items", "{D014D42A-1945-4E12-88C9-C86E12597106}"
EndProject
Global
	GlobalSection(SolutionConfigurationPlatforms) = preSolution
		Debug|Any CPU = Debug|Any CPU
		Release|Any CPU = Release|Any CPU
	EndGlobalSection
	GlobalSection(ProjectConfigurationPlatforms) = postSolution
		{E6258770-F939-4251-9669-2C25AC4BDB24}.Debug|Any CPU.ActiveCfg = Debug|Any CPU
		{E6258770-F939-4251-9669-2C25AC4BDB24}.Debug|Any CPU.Build.0 = Debug|Any CPU
		{E6258770-F939-4251-9669-2C25AC4BDB24}.Release|Any CPU.ActiveCfg = Release|Any CPU
		{E6258770-F939-4251-9669-2C25AC4BDB24}.Release|Any CPU.Build.0 = Release|Any CPU
		{B968C73B-E35F-443B-8A72-DC48AA8994E9}.Debug|Any CPU.ActiveCfg = Debug|Any CPU
		{B968C73B-E35F-443B-8A72-DC48AA8994E9}.Debug|Any CPU.Build.0 = Debug|Any CPU
		{B968C73B-E35F-443B-8A72-DC48AA8994E9}.Release|Any CPU.ActiveCfg = Release|Any CPU
		{B968C73B-E35F-443B-8A72-DC48AA8994E9}.Release|Any CPU.Build.0 = Release|Any CPU
	EndGlobalSection
EndGlobal
